
Microsoft Visual Studio Solution File, Format Version 12.00
Project("{FAE04EC0-301F-11D3-BF4B-00C04F79EFBC}") = "Jacubovich", "Jacubovich\Jacubovich.csproj", "{1FCB4175-5F1B-465E-92EA-278FC728EC5B}"
EndProject
Global
	GlobalSection(SolutionConfigurationPlatforms) = preSolution
		Debug|Any CPU = Debug|Any CPU
		Release|Any CPU = Release|Any CPU
	EndGlobalSection
	GlobalSection(ProjectConfigurationPlatforms) = postSolution
		{1FCB4175-5F1B-465E-92EA-278FC728EC5B}.Debug|Any CPU.ActiveCfg = Debug|Any CPU
		{1FCB4175-5F1B-465E-92EA-278FC728EC5B}.Debug|Any CPU.Build.0 = Debug|Any CPU
		{1FCB4175-5F1B-465E-92EA-278FC728EC5B}.Release|Any CPU.ActiveCfg = Release|Any CPU
		{1FCB4175-5F1B-465E-92EA-278FC728EC5B}.Release|Any CPU.Build.0 = Release|Any CPU
	EndGlobalSection
EndGlobal
